NeoBundleLock neobundle.vim 30c40ccbfc6371fb922eece6e0657eb5da9e479b
NeoBundleLock neocomplete.vim d78a119ad8469dfc58754c10eec94bc2791c041a
NeoBundleLock neomru.vim e86ebb07c3498e81b13a195330831eb845555633
NeoBundleLock nerdcommenter c3d6a2069bb0286c9633fbbffb4983797f7b8822
NeoBundleLock syntastic f2ade9c2029daf6d2d30a1a82b3d21594d361102
NeoBundleLock tagbar 7b36c46d17d57db34fdb0adac9ba6382d0bb5e66
NeoBundleLock unite-airline_themes cc475199799a64ca7eef984ee16f35f22a458dc1
NeoBundleLock unite-gtags 9374da872a702c4ca82b33e31e8f389ce02d2d66
NeoBundleLock unite-help 1a0bccd022c22456f256c727f9322b8891b2d65a
NeoBundleLock unite-outline 984fe3e42b9997a45537f330c93a0af7db07f40a
NeoBundleLock unite.vim e1e58473ef7b8636ccc267987e21646bd7b61af6
NeoBundleLock vim-airline 7b9b68f15dc50ef3c6382bd9df3a5e70c9ddcee9
NeoBundleLock vim-airline-themes aa95f935047323dbcbe2fed210bd3a0356a3c32b
NeoBundleLock vim-fugitive 4865891565be53088967168e2c33bb553ca3ce2f
NeoBundleLock vim-gitgutter c8fa0b33496464de1da9047f9e21a05ba4ce98f2
NeoBundleLock vim-indent-guides 018298ead9d3aa9cd3b4ae222f81022a33978b09
NeoBundleLock vimproc c2f6b82af60a4e7acde0e8dc4e6b6f5dc1cc8e1d
