NeoBundleLock ctrlp-funky e65c03ec4688555b1f3835b999b08ad03e326e81
NeoBundleLock ctrlp.vim b5d3fe66a58a13d2ff8b6391f4387608496a030f
NeoBundleLock neobundle.vim e4e6766e7bbcac9b7048ee247f02af9020b9df29
NeoBundleLock neocomplete.vim 9d554042b53fc2b9c7a332b481883bb773ff721f
NeoBundleLock neosnippet.vim 811176b29b1a60a164c9878f8dcbe4a680ee32e5
NeoBundleLock syntastic 0da7a1e476ef03be22718e813fbc729f9dc163b4
NeoBundleLock vim-airline 13ee9f456ac1a7d9e427874c7a6981c2461a6c4d
NeoBundleLock vim-snippets 621e747bc1a674580a44fe20940ffacb9def8481
NeoBundleLock vimproc 98482672f888aec28ae3764e4432f7127ca8697b
